
Microsoft Visual Studio Solution File, Format Version 12.00
# Visual Studio Version 17
VisualStudioVersion = 17.7.34024.191
MinimumVisualStudioVersion = 10.0.40219.1
Project("{FAE04EC0-301F-11D3-BF4B-00C04F79EFBC}") = "E-Commerce.API", "E-Commerce.API\E-Commerce.API.csproj", "{28691932-2786-4AD1-8FCF-970A93870BCC}"
EndProject
Global
	GlobalSection(SolutionConfigurationPlatforms) = preSolution
		Debug|Any CPU = Debug|Any CPU
		Release|Any CPU = Release|Any CPU
	EndGlobalSection
	GlobalSection(ProjectConfigurationPlatforms) = postSolution
		{28691932-2786-4AD1-8FCF-970A93870BCC}.Debug|Any CPU.ActiveCfg = Debug|Any CPU
		{28691932-2786-4AD1-8FCF-970A93870BCC}.Debug|Any CPU.Build.0 = Debug|Any CPU
		{28691932-2786-4AD1-8FCF-970A93870BCC}.Release|Any CPU.ActiveCfg = Release|Any CPU
		{28691932-2786-4AD1-8FCF-970A93870BCC}.Release|Any CPU.Build.0 = Release|Any CPU
	EndGlobalSection
	GlobalSection(SolutionProperties) = preSolution
		HideSolutionNode = FALSE
	EndGlobalSection
	GlobalSection(ExtensibilityGlobals) = postSolution
		SolutionGuid = {D09B6059-E8BD-4629-AA38-AE765BE88A98}
	EndGlobalSection
EndGlobal
